
Microsoft Visual Studio Solution File, Format Version 12.00
# Visual Studio Version 17
VisualStudioVersion = 17.8.34322.80
MinimumVisualStudioVersion = 10.0.40219.1
Project("{FAE04EC0-301F-11D3-BF4B-00C04F79EFBC}") = "ApplicationsMonitoring.API", "ApplicationsMonitoring.API.csproj", "{D9BCB14B-941F-4BDC-9EEB-ADFED9A96043}"
EndProject
Global
	GlobalSection(SolutionConfigurationPlatforms) = preSolution
		Debug|Any CPU = Debug|Any CPU
		Release|Any CPU = Release|Any CPU
	EndGlobalSection
	GlobalSection(ProjectConfigurationPlatforms) = postSolution
		{D9BCB14B-941F-4BDC-9EEB-ADFED9A96043}.Debug|Any CPU.ActiveCfg = Debug|Any CPU
		{D9BCB14B-941F-4BDC-9EEB-ADFED9A96043}.Debug|Any CPU.Build.0 = Debug|Any CPU
		{D9BCB14B-941F-4BDC-9EEB-ADFED9A96043}.Release|Any CPU.ActiveCfg = Release|Any CPU
		{D9BCB14B-941F-4BDC-9EEB-ADFED9A96043}.Release|Any CPU.Build.0 = Release|Any CPU
	EndGlobalSection
	GlobalSection(SolutionProperties) = preSolution
		HideSolutionNode = FALSE
	EndGlobalSection
	GlobalSection(ExtensibilityGlobals) = postSolution
		SolutionGuid = {19070FF7-4B84-4FB7-BCF2-E420A9B3582B}
	EndGlobalSection
EndGlobal
